
Microsoft Visual Studio Solution File, Format Version 12.00
# Visual Studio Version 16
VisualStudioVersion = 16.0.29613.14
MinimumVisualStudioVersion = 10.0.40219.1
Project("{FAE04EC0-301F-11D3-BF4B-00C04F79EFBC}") = "Desafio05", "Desafio05\Desafio05.csproj", "{0EBB4AB9-B29E-4899-8384-B7C9496BA0D3}"
EndProject
Global
	GlobalSection(SolutionConfigurationPlatforms) = preSolution
		Debug|Any CPU = Debug|Any CPU
		Release|Any CPU = Release|Any CPU
	EndGlobalSection
	GlobalSection(ProjectConfigurationPlatforms) = postSolution
		{0EBB4AB9-B29E-4899-8384-B7C9496BA0D3}.Debug|Any CPU.ActiveCfg = Debug|Any CPU
		{0EBB4AB9-B29E-4899-8384-B7C9496BA0D3}.Debug|Any CPU.Build.0 = Debug|Any CPU
		{0EBB4AB9-B29E-4899-8384-B7C9496BA0D3}.Release|Any CPU.ActiveCfg = Release|Any CPU
		{0EBB4AB9-B29E-4899-8384-B7C9496BA0D3}.Release|Any CPU.Build.0 = Release|Any CPU
	EndGlobalSection
	GlobalSection(SolutionProperties) = preSolution
		HideSolutionNode = FALSE
	EndGlobalSection
	GlobalSection(ExtensibilityGlobals) = postSolution
		SolutionGuid = {1086A665-3897-4EA0-9A88-3E9BF8CE5552}
	EndGlobalSection
EndGlobal
